<?xml version="1.0" encoding="utf-8"?>
<Project ToolsVersion="4.0" xmlns="http://schemas.microsoft.com/developer/msbuild/2003">
  <ItemGroup>
    <Filter Include="Source Files">
      <UniqueIdentifier>{4FC737F1-C7A5-4376-A066-2A32D752A2FF}</UniqueIdentifier>
      <Extensions>cpp;c;cc;cxx;def;odl;idl;hpj;bat;asm;asmx</Extensions>
    </Filter>
    <Filter Include="Header Files">
      <UniqueIdentifier>{93995380-89BD-4b04-88EB-625FBE52EBFB}</UniqueIdentifier>
      <Extensions>h;hh;hpp;hxx;hm;inl;inc;ipp;xsd</Extensions>
    </Filter>
    <Filter Include="Resource Files">
      <UniqueIdentifier>{67DA6AB6-F800-4c08-8B7A-83BB121AAD01}</UniqueIdentifier>
      <Extensions>rc;ico;cur;bmp;dlg;rc2;rct;bin;rgs;gif;jpg;jpeg;jpe;resx;tiff;tif;png;wav;mfcribbon-ms</Extensions>
    </Filter>
  </ItemGroup>
  <ItemGroup>
    <ClCompile Include="src\World.cpp">
      <Filter>Source Files</Filter>
    </ClCompile>
    <ClCompile Include="src\Wall.cpp">
      <Filter>Source Files</Filter>
    </ClCompile>
    <ClCompile Include="src\State.cpp">
      <Filter>Source Files</Filter>
    </ClCompile>
    <ClCompile Include="src\Plate.cpp">
      <Filter>Source Files</Filter>
    </ClCompile>
    <ClCompile Include="src\ObjectFactory.cpp">
      <Filter>Source Files</Filter>
    </ClCompile>
    <ClCompile Include="src\HelperFunctions.cpp">
      <Filter>Source Files</Filter>
    </ClCompile>
    <ClCompile Include="src\DefaultObject.cpp">
      <Filter>Source Files</Filter>
    </ClCompile>
    <ClCompile Include="src\Collision.cpp">
      <Filter>Source Files</Filter>
    </ClCompile>
    <ClCompile Include="src\Brick.cpp">
      <Filter>Source Files</Filter>
    </ClCompile>
    <ClCompile Include="src\Bonus.cpp">
      <Filter>Source Files</Filter>
    </ClCompile>
    <ClCompile Include="src\ArkanoidMain.cpp">
      <Filter>Source Files</Filter>
    </ClCompile>
    <ClCompile Include="src\Ball.cpp">
      <Filter>Source Files</Filter>
    </ClCompile>
    <ClCompile Include="src\CollisionBucket.cpp">
      <Filter>Source Files</Filter>
    </ClCompile>
    <ClCompile Include="src\LevelGenerator.cpp">
      <Filter>Source Files</Filter>
    </ClCompile>
    <ClCompile Include="src\BonusType.cpp">
      <Filter>Source Files</Filter>
    </ClCompile>
    <ClCompile Include="src\MathVector.cpp">
      <Filter>Source Files</Filter>
    </ClCompile>
  </ItemGroup>
  <ItemGroup>
    <ClInclude Include="src\World.h">
      <Filter>Header Files</Filter>
    </ClInclude>
    <ClInclude Include="src\Wall.h">
      <Filter>Header Files</Filter>
    </ClInclude>
    <ClInclude Include="src\State.h">
      <Filter>Header Files</Filter>
    </ClInclude>
    <ClInclude Include="src\Plate.h">
      <Filter>Header Files</Filter>
    </ClInclude>
    <ClInclude Include="src\ObjectFactory.h">
      <Filter>Header Files</Filter>
    </ClInclude>
    <ClInclude Include="src\IWorld.h">
      <Filter>Header Files</Filter>
    </ClInclude>
    <ClInclude Include="src\IObjectFactory.h">
      <Filter>Header Files</Filter>
    </ClInclude>
    <ClInclude Include="src\IObject.h">
      <Filter>Header Files</Filter>
    </ClInclude>
    <ClInclude Include="src\HelperFunctions.h">
      <Filter>Header Files</Filter>
    </ClInclude>
    <ClInclude Include="src\DefaultObject.h">
      <Filter>Header Files</Filter>
    </ClInclude>
    <ClInclude Include="src\Collision.h">
      <Filter>Header Files</Filter>
    </ClInclude>
    <ClInclude Include="src\Brick.h">
      <Filter>Header Files</Filter>
    </ClInclude>
    <ClInclude Include="src\Bonus.h">
      <Filter>Header Files</Filter>
    </ClInclude>
    <ClInclude Include="src\Ball.h">
      <Filter>Header Files</Filter>
    </ClInclude>
    <ClInclude Include="src\CollisionBucket.h">
      <Filter>Header Files</Filter>
    </ClInclude>
    <ClInclude Include="src\ILevelGenerator.h">
      <Filter>Header Files</Filter>
    </ClInclude>
    <ClInclude Include="src\LevelGenerator.h">
      <Filter>Header Files</Filter>
    </ClInclude>
    <ClInclude Include="src\IBrick.h">
      <Filter>Header Files</Filter>
    </ClInclude>
    <ClInclude Include="src\IBonusOwner.h">
      <Filter>Header Files</Filter>
    </ClInclude>
    <ClInclude Include="src\BonusType.h">
      <Filter>Header Files</Filter>
    </ClInclude>
    <ClInclude Include="src\MathVector.h">
      <Filter>Header Files</Filter>
    </ClInclude>
  </ItemGroup>
</Project>