
Microsoft Visual Studio Solution File, Format Version 12.00
# Visual Studio 15
VisualStudioVersion = 15.0.28010.2036
MinimumVisualStudioVersion = 10.0.40219.1
Project("{8BC9CEB8-8B4A-11D0-8D11-00A0C91BC942}") = "TCPServer", "TCPServer\TCPServer.vcxproj", "{6BA843B7-2134-4535-BF93-860E1F087C34}"
EndProject
Project("{8BC9CEB8-8B4A-11D0-8D11-00A0C91BC942}") = "TCPClient", "TCPClient\TCPClient.vcxproj", "{4A70BA3D-8749-4B85-BAE2-1B76C0C1970D}"
EndProject
Global
	GlobalSection(SolutionConfigurationPlatforms) = preSolution
		Debug|x64 = Debug|x64
		Debug|x86 = Debug|x86
		Release|x64 = Release|x64
		Release|x86 = Release|x86
	EndGlobalSection
	GlobalSection(ProjectConfigurationPlatforms) = postSolution
		{6BA843B7-2134-4535-BF93-860E1F087C34}.Debug|x64.ActiveCfg = Debug|x64
		{6BA843B7-2134-4535-BF93-860E1F087C34}.Debug|x64.Build.0 = Debug|x64
		{6BA843B7-2134-4535-BF93-860E1F087C34}.Debug|x86.ActiveCfg = Debug|Win32
		{6BA843B7-2134-4535-BF93-860E1F087C34}.Debug|x86.Build.0 = Debug|Win32
		{6BA843B7-2134-4535-BF93-860E1F087C34}.Release|x64.ActiveCfg = Release|x64
		{6BA843B7-2134-4535-BF93-860E1F087C34}.Release|x64.Build.0 = Release|x64
		{6BA843B7-2134-4535-BF93-860E1F087C34}.Release|x86.ActiveCfg = Release|Win32
		{6BA843B7-2134-4535-BF93-860E1F087C34}.Release|x86.Build.0 = Release|Win32
		{4A70BA3D-8749-4B85-BAE2-1B76C0C1970D}.Debug|x64.ActiveCfg = Debug|x64
		{4A70BA3D-8749-4B85-BAE2-1B76C0C1970D}.Debug|x64.Build.0 = Debug|x64
		{4A70BA3D-8749-4B85-BAE2-1B76C0C1970D}.Debug|x86.ActiveCfg = Debug|Win32
		{4A70BA3D-8749-4B85-BAE2-1B76C0C1970D}.Debug|x86.Build.0 = Debug|Win32
		{4A70BA3D-8749-4B85-BAE2-1B76C0C1970D}.Release|x64.ActiveCfg = Release|x64
		{4A70BA3D-8749-4B85-BAE2-1B76C0C1970D}.Release|x64.Build.0 = Release|x64
		{4A70BA3D-8749-4B85-BAE2-1B76C0C1970D}.Release|x86.ActiveCfg = Release|Win32
		{4A70BA3D-8749-4B85-BAE2-1B76C0C1970D}.Release|x86.Build.0 = Release|Win32
	EndGlobalSection
	GlobalSection(SolutionProperties) = preSolution
		HideSolutionNode = FALSE
	EndGlobalSection
	GlobalSection(ExtensibilityGlobals) = postSolution
		SolutionGuid = {EB908123-575F-4D11-A44F-5B01811D9895}
	EndGlobalSection
EndGlobal
