
Microsoft Visual Studio Solution File, Format Version 12.00
# Visual Studio 15
VisualStudioVersion = 15.0.27703.2026
MinimumVisualStudioVersion = 10.0.40219.1
Project("{8BC9CEB8-8B4A-11D0-8D11-00A0C91BC942}") = "concurrency", "concurrency\concurrency.vcxproj", "{8728FB30-1F43-4059-8E1D-F4BA48896501}"
EndProject
Global
	GlobalSection(SolutionConfigurationPlatforms) = preSolution
		Debug|x64 = Debug|x64
		Debug|x86 = Debug|x86
		Release|x64 = Release|x64
		Release|x86 = Release|x86
	EndGlobalSection
	GlobalSection(ProjectConfigurationPlatforms) = postSolution
		{8728FB30-1F43-4059-8E1D-F4BA48896501}.Debug|x64.ActiveCfg = Debug|x64
		{8728FB30-1F43-4059-8E1D-F4BA48896501}.Debug|x64.Build.0 = Debug|x64
		{8728FB30-1F43-4059-8E1D-F4BA48896501}.Debug|x86.ActiveCfg = Debug|Win32
		{8728FB30-1F43-4059-8E1D-F4BA48896501}.Debug|x86.Build.0 = Debug|Win32
		{8728FB30-1F43-4059-8E1D-F4BA48896501}.Release|x64.ActiveCfg = Release|x64
		{8728FB30-1F43-4059-8E1D-F4BA48896501}.Release|x64.Build.0 = Release|x64
		{8728FB30-1F43-4059-8E1D-F4BA48896501}.Release|x86.ActiveCfg = Release|Win32
		{8728FB30-1F43-4059-8E1D-F4BA48896501}.Release|x86.Build.0 = Release|Win32
	EndGlobalSection
	GlobalSection(SolutionProperties) = preSolution
		HideSolutionNode = FALSE
	EndGlobalSection
	GlobalSection(ExtensibilityGlobals) = postSolution
		SolutionGuid = {31363DDB-F296-45EA-8A6C-D6E7BD76FBE1}
	EndGlobalSection
EndGlobal
