
Microsoft Visual Studio Solution File, Format Version 12.00
# Visual Studio Version 16
VisualStudioVersion = 16.0.29503.13
MinimumVisualStudioVersion = 10.0.40219.1
Project("{8BC9CEB8-8B4A-11D0-8D11-00A0C91BC942}") = "ArkanoidLib", "ArkanoidLib.vcxproj", "{AF7551F1-2B04-41AC-AFAB-62E12B749C7F}"
EndProject
Project("{8BC9CEB8-8B4A-11D0-8D11-00A0C91BC942}") = "ArkanoidTest", "ArkanoidTest.vcxproj", "{AF7541F1-2B04-41AC-AFAB-62E13B749C7F}"
	ProjectSection(ProjectDependencies) = postProject
		{AF7551F1-2B04-41AC-AFAB-62E12B749C7F} = {AF7551F1-2B04-41AC-AFAB-62E12B749C7F}
	EndProjectSection
EndProject
Project("{8BC9CEB8-8B4A-11D0-8D11-00A0C91BC942}") = "Arkanoid", "Arkanoid.vcxproj", "{BED00D8E-CA7C-4096-8F64-62180A50EC32}"
	ProjectSection(ProjectDependencies) = postProject
		{AF7551F1-2B04-41AC-AFAB-62E12B749C7F} = {AF7551F1-2B04-41AC-AFAB-62E12B749C7F}
	EndProjectSection
EndProject
Global
	GlobalSection(SolutionConfigurationPlatforms) = preSolution
		Debug|x86 = Debug|x86
		Release|x86 = Release|x86
	EndGlobalSection
	GlobalSection(ProjectConfigurationPlatforms) = postSolution
		{AF7551F1-2B04-41AC-AFAB-62E12B749C7F}.Debug|x86.ActiveCfg = Debug|Win32
		{AF7551F1-2B04-41AC-AFAB-62E12B749C7F}.Debug|x86.Build.0 = Debug|Win32
		{AF7551F1-2B04-41AC-AFAB-62E12B749C7F}.Release|x86.ActiveCfg = Release|Win32
		{AF7551F1-2B04-41AC-AFAB-62E12B749C7F}.Release|x86.Build.0 = Release|Win32
		{AF7541F1-2B04-41AC-AFAB-62E13B749C7F}.Debug|x86.ActiveCfg = Debug|Win32
		{AF7541F1-2B04-41AC-AFAB-62E13B749C7F}.Debug|x86.Build.0 = Debug|Win32
		{AF7541F1-2B04-41AC-AFAB-62E13B749C7F}.Release|x86.ActiveCfg = Release|Win32
		{AF7541F1-2B04-41AC-AFAB-62E13B749C7F}.Release|x86.Build.0 = Release|Win32
		{BED00D8E-CA7C-4096-8F64-62180A50EC32}.Debug|x86.ActiveCfg = Debug|Win32
		{BED00D8E-CA7C-4096-8F64-62180A50EC32}.Debug|x86.Build.0 = Debug|Win32
		{BED00D8E-CA7C-4096-8F64-62180A50EC32}.Release|x86.ActiveCfg = Release|Win32
		{BED00D8E-CA7C-4096-8F64-62180A50EC32}.Release|x86.Build.0 = Release|Win32
	EndGlobalSection
	GlobalSection(SolutionProperties) = preSolution
		HideSolutionNode = FALSE
	EndGlobalSection
	GlobalSection(ExtensibilityGlobals) = postSolution
		SolutionGuid = {3DA3AE54-C549-4048-A0EA-DA190CE7FEF7}
	EndGlobalSection
EndGlobal
